
Microsoft Visual Studio Solution File, Format Version 12.00
# Visual Studio Version 16
VisualStudioVersion = 16.0.31025.194
MinimumVisualStudioVersion = 10.0.40219.1
Project("{9A19103F-16F7-4668-BE54-9A1E7A4F7556}") = "Evolution", "Evolution\Evolution.csproj", "{4B12A36A-A157-47C0-A5CF-52A6BA4AFCA6}"
EndProject
Global
	GlobalSection(SolutionConfigurationPlatforms) = preSolution
		Debug|Any CPU = Debug|Any CPU
		Release|Any CPU = Release|Any CPU
	EndGlobalSection
	GlobalSection(ProjectConfigurationPlatforms) = postSolution
		{4B12A36A-A157-47C0-A5CF-52A6BA4AFCA6}.Debug|Any CPU.ActiveCfg = Debug|Any CPU
		{4B12A36A-A157-47C0-A5CF-52A6BA4AFCA6}.Debug|Any CPU.Build.0 = Debug|Any CPU
		{4B12A36A-A157-47C0-A5CF-52A6BA4AFCA6}.Release|Any CPU.ActiveCfg = Release|Any CPU
		{4B12A36A-A157-47C0-A5CF-52A6BA4AFCA6}.Release|Any CPU.Build.0 = Release|Any CPU
	EndGlobalSection
	GlobalSection(SolutionProperties) = preSolution
		HideSolutionNode = FALSE
	EndGlobalSection
	GlobalSection(ExtensibilityGlobals) = postSolution
		SolutionGuid = {B0F6E30E-AF7A-47D4-8670-0A8515D385DC}
	EndGlobalSection
EndGlobal
